{
  "name": "marketplace.web",
  "version": "1.0.0",
  "lockfileVersion": 1,
  "requires": true,
  "dependencies": {
    "@types/angular": {
      "version": "1.6.4",
      "resolved": "https://registry.npmjs.org/@types/angular/-/angular-1.6.4.tgz",
      "integrity": "sha1-EyCVGIPXwzFAhBQaXOvql7u9gk8=",
      "requires": {
        "@types/jquery": "*"
      }
    },
    "@types/angular-cookies": {
      "version": "1.4.5",
      "resolved": "https://registry.npmjs.org/@types/angular-cookies/-/angular-cookies-1.4.5.tgz",
      "integrity": "sha512-WJJX4Z0JDte/0KSKGm4JGJbnv3wz8fnK6Li3aKdXUGu+mvjTvmJF7h0acFV9ODGhgwpFXzH9dLw3IjR6WbgG3w==",
      "requires": {
        "@types/angular": "*"
      }
    },
    "@types/angular-route": {
      "version": "1.7.0",
      "resolved": "https://registry.npmjs.org/@types/angular-route/-/angular-route-1.7.0.tgz",
      "integrity": "sha512-gctkSXUY7hDwFeW8il7f3+sdMmds0JaMnHvrZmqX79DHXf2D72+SHxJHIt5i6+0BrhoqdWdpgziSxuKnkAUAQw==",
      "requires": {
        "@types/angular": "*"
      }
    },
    "@types/angular-ui-bootstrap": {
      "version": "0.13.47",
      "resolved": "https://registry.npmjs.org/@types/angular-ui-bootstrap/-/angular-ui-bootstrap-0.13.47.tgz",
      "integrity": "sha512-8HMw2MR9lPZt8+A4Kf6BFT2JK+0/ERcpM88k/kewPBOXdXVzkQmcJ08tNPhFIPLF89diKfA6X3HZKTBJr6PMoQ==",
      "requires": {
        "@types/angular": "*"
      }
    },
    "@types/angular-ui-router": {
      "version": "1.1.40",
      "resolved": "https://registry.npmjs.org/@types/angular-ui-router/-/angular-ui-router-1.1.40.tgz",
      "integrity": "sha512-4xMwNeSNrRHj2uaLAbeACVjgTCLCDHqwMQOKE0lq6MIXngVuvc0zucGKg2WYd4i+goxl9R3agH3w4qnEseIbxw==",
      "requires": {
        "@types/angular": "*"
      }
    },
    "@types/jquery": {
      "version": "3.3.29",
      "resolved": "https://registry.npmjs.org/@types/jquery/-/jquery-3.3.29.tgz",
      "integrity": "sha512-FhJvBninYD36v3k6c+bVk1DSZwh7B5Dpb/Pyk3HKVsiohn0nhbefZZ+3JXbWQhFyt0MxSl2jRDdGQPHeOHFXrQ==",
      "requires": {
        "@types/sizzle": "*"
      }
    },
    "@types/sizzle": {
      "version": "2.3.2",
      "resolved": "https://registry.npmjs.org/@types/sizzle/-/sizzle-2.3.2.tgz",
      "integrity": "sha512-7EJYyKTL7tFR8+gDbB6Wwz/arpGa0Mywk1TJbNzKzHtzbwVmY4HR9WqS5VV7dsBUKQmPNr192jHr/VpBluj/hg=="
    },
    "@uirouter/core": {
      "version": "5.0.23",
      "resolved": "https://registry.npmjs.org/@uirouter/core/-/core-5.0.23.tgz",
      "integrity": "sha512-rwFOH++z/KY8y+h0IOpQ5uC8Nim6E0EBCQrIjhVCr+XKYXgpK+VdtuOLFdogvbJ3AAi5Z7ei00qdEr7Did5CAg=="
    },
    "angular": {
      "version": "1.7.8",
      "resolved": "https://registry.npmjs.org/angular/-/angular-1.7.8.tgz",
      "integrity": "sha512-wtef/y4COxM7ZVhddd7JtAAhyYObq9YXKar9tsW7558BImeVYteJiTxCKeJOL45lJ/+7B4wrAC49j8gTFYEthg=="
    },
    "angular-animate": {
      "version": "1.7.8",
      "resolved": "https://registry.npmjs.org/angular-animate/-/angular-animate-1.7.8.tgz",
      "integrity": "sha512-bINtzizq7TbJzfVrDpwLfTxVl0Qd7fRNWFb5jKYI1vaFZobQNX/QONXlLow6ySsDbZ6eLECycB7mvWtfh1YYaw=="
    },
    "angular-cookies": {
      "version": "1.7.8",
      "resolved": "https://registry.npmjs.org/angular-cookies/-/angular-cookies-1.7.8.tgz",
      "integrity": "sha512-oS2X8XLYyLrwSBUKmcGkHxphwTtAEdi3eriSwMX/WUl5D6fRZ4EcBY4DaHN+tYDnzJ1i2lFa82/oq0kTKxZmyg=="
    },
    "angular-core": {
      "version": "0.0.5",
      "resolved": "https://registry.npmjs.org/angular-core/-/angular-core-0.0.5.tgz",
      "integrity": "sha1-4hVfyfyVjBBH/gzFgA+p3L39e4A="
    },
    "angular-resource": {
      "version": "1.7.8",
      "resolved": "https://registry.npmjs.org/angular-resource/-/angular-resource-1.7.8.tgz",
      "integrity": "sha512-zuPQ0ZX9Q8WnZ0KMtJlKYUSIXWRQSbFzMkRV9zG8cYYSsMAZlXar5Hqmd5gzxC3O28AGM7BCEJ+iYs3UNL4qdA=="
    },
    "angular-route": {
      "version": "1.7.8",
      "resolved": "https://registry.npmjs.org/angular-route/-/angular-route-1.7.8.tgz",
      "integrity": "sha512-VVk89PH0fsY5kfbx+N7IVX1IwnaPWYhMGY0uA+rjej2v1sjvrTx1SLkxUK4E0UpW1hXeLJhN7ncBcwoBiPtAtA=="
    },
    "angular-sanitize": {
      "version": "1.7.8",
      "resolved": "https://registry.npmjs.org/angular-sanitize/-/angular-sanitize-1.7.8.tgz",
      "integrity": "sha512-sVq51is1cVNiPytH4JIEd7iRW0OBIRQGNETWkz1c/jnLv2sBf9oDxEd8enwDz/W2ULBIpqJPK/3AsIxmZyh9pA=="
    },
    "angular-touch": {
      "version": "1.7.8",
      "resolved": "https://registry.npmjs.org/angular-touch/-/angular-touch-1.7.8.tgz",
      "integrity": "sha512-YCpirIDueMIRJfSZg0glzqTfr3HyGx0/DeZorN3TkFelYj0YwxvwldQm2NcqpQR3SNfEj7ZbkcrXl1ekTILQOw=="
    },
    "angular-ui-bootstrap": {
      "version": "2.5.6",
      "resolved": "https://registry.npmjs.org/angular-ui-bootstrap/-/angular-ui-bootstrap-2.5.6.tgz",
      "integrity": "sha512-yzcHpPMLQl0232nDzm5P4iAFTFQ9dMw0QgFLuKYbDj9M0xJ62z0oudYD/Lvh1pWfRsukiytP4Xj6BHOSrSXP8A=="
    },
    "angular-ui-router": {
      "version": "1.0.22",
      "resolved": "https://registry.npmjs.org/angular-ui-router/-/angular-ui-router-1.0.22.tgz",
      "integrity": "sha512-cuq0+Di6spKEIQ1aZCGORPU9uZzJRFzuiMQDB2vLUDlo1DS8tR8/KxlThqmz6iw+8KtmUArI+5IMINSp/jwUKg==",
      "requires": {
        "@uirouter/core": "5.0.23"
      }
    },
    "angular-ui-utils": {
      "version": "0.1.1",
      "resolved": "https://registry.npmjs.org/angular-ui-utils/-/angular-ui-utils-0.1.1.tgz",
      "integrity": "sha1-/4tcSrsq6+sI7gXQmnjEz7+2UAk="
    },
    "awesome-bootstrap-checkbox": {
      "version": "0.3.7",
      "resolved": "https://registry.npmjs.org/awesome-bootstrap-checkbox/-/awesome-bootstrap-checkbox-0.3.7.tgz",
      "integrity": "sha1-sRKXPubVv/QKshfEIBhcRwJR0OI="
    },
    "bootstrap": {
      "version": "3.4.1",
      "resolved": "https://registry.npmjs.org/bootstrap/-/bootstrap-3.4.1.tgz",
      "integrity": "sha512-yN5oZVmRCwe5aKwzRj6736nSmKDX7pLYwsXiCj/EYmo16hODaBiT4En5btW/jhBF/seV+XMx3aYwukYC3A49DA=="
    },
    "dcjqaccordion": {
      "version": "2.7.1",
      "resolved": "https://registry.npmjs.org/dcjqaccordion/-/dcjqaccordion-2.7.1.tgz",
      "integrity": "sha1-mhTfg0AWAXqvspvKJs59uyN933c="
    },
    "font-awesome": {
      "version": "4.1.0",
      "resolved": "https://registry.npmjs.org/font-awesome/-/font-awesome-4.1.0.tgz",
      "integrity": "sha1-IAVtlgKchrjoicCyUm8q4mVuJNs="
    },
    "jquery": {
      "version": "3.4.1",
      "resolved": "https://registry.npmjs.org/jquery/-/jquery-3.4.1.tgz",
      "integrity": "sha512-36+AdBzCL+y6qjw5Tx7HgzeGCzC81MDDgaUP8ld2zhx58HdqXGoBd+tHdrBMiyjGQs0Hxs/MLZTu/eHNJJuWPw=="
    },
    "jquery.nicescroll": {
      "version": "3.7.6",
      "resolved": "https://registry.npmjs.org/jquery.nicescroll/-/jquery.nicescroll-3.7.6.tgz",
      "integrity": "sha1-r+/z6AZY2r5PeNLS6EJQBg/qCFI=",
      "requires": {
        "jquery": ">=1.8.3"
      }
    },
    "jquery.scrollto": {
      "version": "2.1.2",
      "resolved": "https://registry.npmjs.org/jquery.scrollto/-/jquery.scrollto-2.1.2.tgz",
      "integrity": "sha1-51gNnHrEbvW7JTGUg/b0VxP9fGw=",
      "requires": {
        "jquery": ">=1.8"
      }
    },
    "toastr": {
      "version": "2.1.4",
      "resolved": "https://registry.npmjs.org/toastr/-/toastr-2.1.4.tgz",
      "integrity": "sha1-i0O+ZPudDEFIcURvLbjoyk6V8YE=",
      "requires": {
        "jquery": ">=1.12.0"
      }
    }
  }
}
