
Microsoft Visual Studio Solution File, Format Version 12.00
# Visual Studio 15
VisualStudioVersion = 15.0.26430.15
MinimumVisualStudioVersion = 10.0.40219.1
Project("{2150E333-8FDC-42A3-9474-1A3956D46DE8}") = "App", "App", "{5047C670-02D3-4FD4-B991-B9D66AADB23E}"
EndProject
Project("{2150E333-8FDC-42A3-9474-1A3956D46DE8}") = "_Core", "_Core", "{344386B1-12FB-4FAA-8E22-F5BA6ACD0077}"
EndProject
Project("{FAE04EC0-301F-11D3-BF4B-00C04F79EFBC}") = "Marketplace.Api", "Marketplace.Api\Marketplace.Api.csproj", "{B10DEECD-456D-41B4-8910-66BD64F28ED5}"
EndProject
Project("{FAE04EC0-301F-11D3-BF4B-00C04F79EFBC}") = "Marketplace.Web", "Marketplace.Web\Marketplace.Web.csproj", "{30D181AE-8B2D-4397-8CD9-E62CADDD7EC7}"
EndProject
Project("{FAE04EC0-301F-11D3-BF4B-00C04F79EFBC}") = "Marketplace.Domain", "Marketplace.Domain\Marketplace.Domain.csproj", "{378B69C4-3AEF-4221-AC6D-846017986E0B}"
EndProject
Project("{FAE04EC0-301F-11D3-BF4B-00C04F79EFBC}") = "Marketplace.Data", "Marketplace.Data\Marketplace.Data.csproj", "{85FA7714-354B-4D9C-86A1-2435D788A36A}"
EndProject
Project("{FAE04EC0-301F-11D3-BF4B-00C04F79EFBC}") = "Marketplace.Logic", "Marketplace.Logic\Marketplace.Logic.csproj", "{BBFE8436-E5D6-49CB-8EA7-138047597DAE}"
EndProject
Project("{9A19103F-16F7-4668-BE54-9A1E7A4F7556}") = "Wwa.Core", "..\..\src\Wwa.Core\Wwa.Core.csproj", "{72F5A057-3F26-4068-9346-89492A062907}"
EndProject
Project("{FAE04EC0-301F-11D3-BF4B-00C04F79EFBC}") = "Wwa.Identity.AspNet", "..\..\src\Wwa.Identity.AspNet\Wwa.Identity.AspNet.csproj", "{8C2CD2E8-7140-4768-A3EB-1743E3C80DA7}"
EndProject
Project("{FAE04EC0-301F-11D3-BF4B-00C04F79EFBC}") = "Wwa.Data.EF", "..\..\src\Wwa.Data.EF\Wwa.Data.EF.csproj", "{20BCA77B-B073-4EE1-A147-28223242A6FE}"
EndProject
Project("{9A19103F-16F7-4668-BE54-9A1E7A4F7556}") = "Wwa.Http", "..\..\src\Wwa.Http\Wwa.Http.csproj", "{9D8EB14B-61F0-44E6-9905-2389A9F0AC37}"
EndProject
Project("{FAE04EC0-301F-11D3-BF4B-00C04F79EFBC}") = "Wwa.Api", "..\..\src\Wwa.Api\Wwa.Api.csproj", "{90DA4AF3-94C6-4E24-8C70-0A4F2AE18E3F}"
EndProject
Project("{FAE04EC0-301F-11D3-BF4B-00C04F79EFBC}") = "Wwa.Ioc.Unity", "..\..\src\Wwa.Ioc.Unity\Wwa.Ioc.Unity.csproj", "{1E843464-5DCC-4988-B32E-0DB2B4FD19FD}"
EndProject
Project("{9A19103F-16F7-4668-BE54-9A1E7A4F7556}") = "Wwa.Ioc.Autofac", "..\..\src\Wwa.Ioc.Autofac\Wwa.Ioc.Autofac.csproj", "{371594C7-3E8B-48FA-98F8-0C86CBA27B5B}"
EndProject
Project("{2150E333-8FDC-42A3-9474-1A3956D46DE8}") = ".nuget", ".nuget", "{0AD2EB32-32A4-40CC-B148-FCAFFC458B85}"
	ProjectSection(SolutionItems) = preProject
		nuget.config = nuget.config
	EndProjectSection
EndProject
Project("{2150E333-8FDC-42A3-9474-1A3956D46DE8}") = "Logic", "Logic", "{D183FCBF-627D-4E37-826F-5C451B40408F}"
EndProject
Project("{2150E333-8FDC-42A3-9474-1A3956D46DE8}") = "Tests", "Tests", "{1DC672EF-06F9-4F74-A1FC-169C2230F167}"
EndProject
Project("{FAE04EC0-301F-11D3-BF4B-00C04F79EFBC}") = "Marketplace.Tests", "Marketplace.Tests\Marketplace.Tests.csproj", "{F3C40CB8-F8CB-495A-AA95-C8C81A04E1AA}"
EndProject
Project("{2150E333-8FDC-42A3-9474-1A3956D46DE8}") = "NETStandard", "NETStandard", "{B2E7643B-E8CC-4872-93D5-EBA38B8AC7FE}"
EndProject
Project("{2150E333-8FDC-42A3-9474-1A3956D46DE8}") = "NETFramework", "NETFramework", "{48536B01-4EF9-4CA7-9F0B-4B0436ABD32C}"
EndProject
Project("{9A19103F-16F7-4668-BE54-9A1E7A4F7556}") = "Wwa.Xam", "..\..\src\Wwa.Xam\Wwa.Xam.csproj", "{78D2DD1C-BF69-4ED6-9495-8A7998681F79}"
EndProject
Project("{9A19103F-16F7-4668-BE54-9A1E7A4F7556}") = "Marketplace.Models", "Marketplace.Models\Marketplace.Models.csproj", "{5EA3BEBB-E0EB-43BE-9B85-666C448C7416}"
EndProject
Global
	GlobalSection(SolutionConfigurationPlatforms) = preSolution
		Debug|Any CPU = Debug|Any CPU
		Release|Any CPU = Release|Any CPU
	EndGlobalSection
	GlobalSection(ProjectConfigurationPlatforms) = postSolution
		{B10DEECD-456D-41B4-8910-66BD64F28ED5}.Debug|Any CPU.ActiveCfg = Debug|Any CPU
		{B10DEECD-456D-41B4-8910-66BD64F28ED5}.Debug|Any CPU.Build.0 = Debug|Any CPU
		{B10DEECD-456D-41B4-8910-66BD64F28ED5}.Release|Any CPU.ActiveCfg = Release|Any CPU
		{B10DEECD-456D-41B4-8910-66BD64F28ED5}.Release|Any CPU.Build.0 = Release|Any CPU
		{30D181AE-8B2D-4397-8CD9-E62CADDD7EC7}.Debug|Any CPU.ActiveCfg = Debug|Any CPU
		{30D181AE-8B2D-4397-8CD9-E62CADDD7EC7}.Debug|Any CPU.Build.0 = Debug|Any CPU
		{30D181AE-8B2D-4397-8CD9-E62CADDD7EC7}.Release|Any CPU.ActiveCfg = Release|Any CPU
		{30D181AE-8B2D-4397-8CD9-E62CADDD7EC7}.Release|Any CPU.Build.0 = Release|Any CPU
		{378B69C4-3AEF-4221-AC6D-846017986E0B}.Debug|Any CPU.ActiveCfg = Debug|Any CPU
		{378B69C4-3AEF-4221-AC6D-846017986E0B}.Debug|Any CPU.Build.0 = Debug|Any CPU
		{378B69C4-3AEF-4221-AC6D-846017986E0B}.Release|Any CPU.ActiveCfg = Release|Any CPU
		{378B69C4-3AEF-4221-AC6D-846017986E0B}.Release|Any CPU.Build.0 = Release|Any CPU
		{85FA7714-354B-4D9C-86A1-2435D788A36A}.Debug|Any CPU.ActiveCfg = Debug|Any CPU
		{85FA7714-354B-4D9C-86A1-2435D788A36A}.Debug|Any CPU.Build.0 = Debug|Any CPU
		{85FA7714-354B-4D9C-86A1-2435D788A36A}.Release|Any CPU.ActiveCfg = Release|Any CPU
		{85FA7714-354B-4D9C-86A1-2435D788A36A}.Release|Any CPU.Build.0 = Release|Any CPU
		{BBFE8436-E5D6-49CB-8EA7-138047597DAE}.Debug|Any CPU.ActiveCfg = Debug|Any CPU
		{BBFE8436-E5D6-49CB-8EA7-138047597DAE}.Debug|Any CPU.Build.0 = Debug|Any CPU
		{BBFE8436-E5D6-49CB-8EA7-138047597DAE}.Release|Any CPU.ActiveCfg = Release|Any CPU
		{BBFE8436-E5D6-49CB-8EA7-138047597DAE}.Release|Any CPU.Build.0 = Release|Any CPU
		{72F5A057-3F26-4068-9346-89492A062907}.Debug|Any CPU.ActiveCfg = Debug|Any CPU
		{72F5A057-3F26-4068-9346-89492A062907}.Debug|Any CPU.Build.0 = Debug|Any CPU
		{72F5A057-3F26-4068-9346-89492A062907}.Release|Any CPU.ActiveCfg = Release|Any CPU
		{72F5A057-3F26-4068-9346-89492A062907}.Release|Any CPU.Build.0 = Release|Any CPU
		{8C2CD2E8-7140-4768-A3EB-1743E3C80DA7}.Debug|Any CPU.ActiveCfg = Debug|Any CPU
		{8C2CD2E8-7140-4768-A3EB-1743E3C80DA7}.Debug|Any CPU.Build.0 = Debug|Any CPU
		{8C2CD2E8-7140-4768-A3EB-1743E3C80DA7}.Release|Any CPU.ActiveCfg = Release|Any CPU
		{8C2CD2E8-7140-4768-A3EB-1743E3C80DA7}.Release|Any CPU.Build.0 = Release|Any CPU
		{20BCA77B-B073-4EE1-A147-28223242A6FE}.Debug|Any CPU.ActiveCfg = Debug|Any CPU
		{20BCA77B-B073-4EE1-A147-28223242A6FE}.Debug|Any CPU.Build.0 = Debug|Any CPU
		{20BCA77B-B073-4EE1-A147-28223242A6FE}.Release|Any CPU.ActiveCfg = Release|Any CPU
		{20BCA77B-B073-4EE1-A147-28223242A6FE}.Release|Any CPU.Build.0 = Release|Any CPU
		{9D8EB14B-61F0-44E6-9905-2389A9F0AC37}.Debug|Any CPU.ActiveCfg = Debug|Any CPU
		{9D8EB14B-61F0-44E6-9905-2389A9F0AC37}.Debug|Any CPU.Build.0 = Debug|Any CPU
		{9D8EB14B-61F0-44E6-9905-2389A9F0AC37}.Release|Any CPU.ActiveCfg = Release|Any CPU
		{9D8EB14B-61F0-44E6-9905-2389A9F0AC37}.Release|Any CPU.Build.0 = Release|Any CPU
		{90DA4AF3-94C6-4E24-8C70-0A4F2AE18E3F}.Debug|Any CPU.ActiveCfg = Debug|Any CPU
		{90DA4AF3-94C6-4E24-8C70-0A4F2AE18E3F}.Debug|Any CPU.Build.0 = Debug|Any CPU
		{90DA4AF3-94C6-4E24-8C70-0A4F2AE18E3F}.Release|Any CPU.ActiveCfg = Release|Any CPU
		{90DA4AF3-94C6-4E24-8C70-0A4F2AE18E3F}.Release|Any CPU.Build.0 = Release|Any CPU
		{1E843464-5DCC-4988-B32E-0DB2B4FD19FD}.Debug|Any CPU.ActiveCfg = Debug|Any CPU
		{1E843464-5DCC-4988-B32E-0DB2B4FD19FD}.Debug|Any CPU.Build.0 = Debug|Any CPU
		{1E843464-5DCC-4988-B32E-0DB2B4FD19FD}.Release|Any CPU.ActiveCfg = Release|Any CPU
		{1E843464-5DCC-4988-B32E-0DB2B4FD19FD}.Release|Any CPU.Build.0 = Release|Any CPU
		{371594C7-3E8B-48FA-98F8-0C86CBA27B5B}.Debug|Any CPU.ActiveCfg = Debug|Any CPU
		{371594C7-3E8B-48FA-98F8-0C86CBA27B5B}.Debug|Any CPU.Build.0 = Debug|Any CPU
		{371594C7-3E8B-48FA-98F8-0C86CBA27B5B}.Release|Any CPU.ActiveCfg = Release|Any CPU
		{371594C7-3E8B-48FA-98F8-0C86CBA27B5B}.Release|Any CPU.Build.0 = Release|Any CPU
		{F3C40CB8-F8CB-495A-AA95-C8C81A04E1AA}.Debug|Any CPU.ActiveCfg = Debug|Any CPU
		{F3C40CB8-F8CB-495A-AA95-C8C81A04E1AA}.Debug|Any CPU.Build.0 = Debug|Any CPU
		{F3C40CB8-F8CB-495A-AA95-C8C81A04E1AA}.Release|Any CPU.ActiveCfg = Release|Any CPU
		{F3C40CB8-F8CB-495A-AA95-C8C81A04E1AA}.Release|Any CPU.Build.0 = Release|Any CPU
		{78D2DD1C-BF69-4ED6-9495-8A7998681F79}.Debug|Any CPU.ActiveCfg = Debug|Any CPU
		{78D2DD1C-BF69-4ED6-9495-8A7998681F79}.Debug|Any CPU.Build.0 = Debug|Any CPU
		{78D2DD1C-BF69-4ED6-9495-8A7998681F79}.Release|Any CPU.ActiveCfg = Release|Any CPU
		{78D2DD1C-BF69-4ED6-9495-8A7998681F79}.Release|Any CPU.Build.0 = Release|Any CPU
		{5EA3BEBB-E0EB-43BE-9B85-666C448C7416}.Debug|Any CPU.ActiveCfg = Debug|Any CPU
		{5EA3BEBB-E0EB-43BE-9B85-666C448C7416}.Debug|Any CPU.Build.0 = Debug|Any CPU
		{5EA3BEBB-E0EB-43BE-9B85-666C448C7416}.Release|Any CPU.ActiveCfg = Release|Any CPU
		{5EA3BEBB-E0EB-43BE-9B85-666C448C7416}.Release|Any CPU.Build.0 = Release|Any CPU
	EndGlobalSection
	GlobalSection(SolutionProperties) = preSolution
		HideSolutionNode = FALSE
	EndGlobalSection
	GlobalSection(NestedProjects) = preSolution
		{B10DEECD-456D-41B4-8910-66BD64F28ED5} = {5047C670-02D3-4FD4-B991-B9D66AADB23E}
		{30D181AE-8B2D-4397-8CD9-E62CADDD7EC7} = {5047C670-02D3-4FD4-B991-B9D66AADB23E}
		{378B69C4-3AEF-4221-AC6D-846017986E0B} = {D183FCBF-627D-4E37-826F-5C451B40408F}
		{85FA7714-354B-4D9C-86A1-2435D788A36A} = {D183FCBF-627D-4E37-826F-5C451B40408F}
		{BBFE8436-E5D6-49CB-8EA7-138047597DAE} = {D183FCBF-627D-4E37-826F-5C451B40408F}
		{72F5A057-3F26-4068-9346-89492A062907} = {B2E7643B-E8CC-4872-93D5-EBA38B8AC7FE}
		{8C2CD2E8-7140-4768-A3EB-1743E3C80DA7} = {48536B01-4EF9-4CA7-9F0B-4B0436ABD32C}
		{20BCA77B-B073-4EE1-A147-28223242A6FE} = {48536B01-4EF9-4CA7-9F0B-4B0436ABD32C}
		{9D8EB14B-61F0-44E6-9905-2389A9F0AC37} = {B2E7643B-E8CC-4872-93D5-EBA38B8AC7FE}
		{90DA4AF3-94C6-4E24-8C70-0A4F2AE18E3F} = {48536B01-4EF9-4CA7-9F0B-4B0436ABD32C}
		{1E843464-5DCC-4988-B32E-0DB2B4FD19FD} = {48536B01-4EF9-4CA7-9F0B-4B0436ABD32C}
		{371594C7-3E8B-48FA-98F8-0C86CBA27B5B} = {B2E7643B-E8CC-4872-93D5-EBA38B8AC7FE}
		{F3C40CB8-F8CB-495A-AA95-C8C81A04E1AA} = {1DC672EF-06F9-4F74-A1FC-169C2230F167}
		{B2E7643B-E8CC-4872-93D5-EBA38B8AC7FE} = {344386B1-12FB-4FAA-8E22-F5BA6ACD0077}
		{48536B01-4EF9-4CA7-9F0B-4B0436ABD32C} = {344386B1-12FB-4FAA-8E22-F5BA6ACD0077}
		{78D2DD1C-BF69-4ED6-9495-8A7998681F79} = {B2E7643B-E8CC-4872-93D5-EBA38B8AC7FE}
		{5EA3BEBB-E0EB-43BE-9B85-666C448C7416} = {5047C670-02D3-4FD4-B991-B9D66AADB23E}
	EndGlobalSection
EndGlobal
