
Microsoft Visual Studio Solution File, Format Version 12.00
# Visual Studio 15
VisualStudioVersion = 15.0.26430.15
MinimumVisualStudioVersion = 10.0.40219.1
Project("{9A19103F-16F7-4668-BE54-9A1E7A4F7556}") = "Marketplace.Xam", "Marketplace.Xam\Marketplace.Xam.csproj", "{F428AC4A-3529-4CCC-9A47-556F9AD1A14D}"
EndProject
Project("{FAE04EC0-301F-11D3-BF4B-00C04F79EFBC}") = "Marketplace.Xam.Android", "Marketplace.Xam.Android\Marketplace.Xam.Android.csproj", "{C84444C6-1EEF-4E9C-9C40-2F17B46C3ED7}"
EndProject
Project("{FAE04EC0-301F-11D3-BF4B-00C04F79EFBC}") = "Marketplace.Xam.iOS", "Marketplace.Xam.iOS\Marketplace.Xam.iOS.csproj", "{7FF9B1F5-1663-4C76-A1AE-D7517C4F4C5D}"
EndProject
Project("{FAE04EC0-301F-11D3-BF4B-00C04F79EFBC}") = "Marketplace.Xam.UWP", "Marketplace.Xam.UWP\Marketplace.Xam.UWP.csproj", "{FC8AF459-1E58-4508-9DDB-505E9A17E386}"
EndProject
Project("{2150E333-8FDC-42A3-9474-1A3956D46DE8}") = "App", "App", "{DD2F1E42-02A9-49EF-B4D6-014DD5E76263}"
EndProject
Project("{2150E333-8FDC-42A3-9474-1A3956D46DE8}") = "Platforms", "Platforms", "{869C5187-719B-46B4-9988-732C6AEE2E64}"
EndProject
Project("{2150E333-8FDC-42A3-9474-1A3956D46DE8}") = "_Core", "_Core", "{26D05A32-DC4E-4696-95DF-474CC937AFFA}"
EndProject
Project("{9A19103F-16F7-4668-BE54-9A1E7A4F7556}") = "Prolix.Core", "..\..\src\Prolix.Core\Prolix.Core.csproj", "{79194299-8DE2-473E-B786-2B7C14E451B2}"
EndProject
Project("{9A19103F-16F7-4668-BE54-9A1E7A4F7556}") = "Prolix.Http", "..\..\src\Prolix.Http\Prolix.Http.csproj", "{5B6CB662-E54B-4BB9-8458-2981E6A6A031}"
EndProject
Project("{9A19103F-16F7-4668-BE54-9A1E7A4F7556}") = "Prolix.Ioc.Autofac", "..\..\src\Prolix.Ioc.Autofac\Prolix.Ioc.Autofac.csproj", "{29CA4322-739A-44D3-AEC1-012E4C65E64E}"
EndProject
Project("{9A19103F-16F7-4668-BE54-9A1E7A4F7556}") = "Prolix.Xam", "..\..\src\Prolix.Xam\Prolix.Xam.csproj", "{B60466D1-0A0C-4431-8AE5-E823DC64070E}"
EndProject
Project("{9A19103F-16F7-4668-BE54-9A1E7A4F7556}") = "Marketplace.Models", "Marketplace.Models\Marketplace.Models.csproj", "{27EA3772-AA4F-425D-BB2F-1F0182B0358D}"
EndProject
Global
	GlobalSection(SolutionConfigurationPlatforms) = preSolution
		Debug|Any CPU = Debug|Any CPU
		Debug|ARM = Debug|ARM
		Debug|iPhone = Debug|iPhone
		Debug|iPhoneSimulator = Debug|iPhoneSimulator
		Debug|x64 = Debug|x64
		Debug|x86 = Debug|x86
		Release|Any CPU = Release|Any CPU
		Release|ARM = Release|ARM
		Release|iPhone = Release|iPhone
		Release|iPhoneSimulator = Release|iPhoneSimulator
		Release|x64 = Release|x64
		Release|x86 = Release|x86
	EndGlobalSection
	GlobalSection(ProjectConfigurationPlatforms) = postSolution
		{F428AC4A-3529-4CCC-9A47-556F9AD1A14D}.Debug|Any CPU.ActiveCfg = Debug|Any CPU
		{F428AC4A-3529-4CCC-9A47-556F9AD1A14D}.Debug|Any CPU.Build.0 = Debug|Any CPU
		{F428AC4A-3529-4CCC-9A47-556F9AD1A14D}.Debug|ARM.ActiveCfg = Debug|Any CPU
		{F428AC4A-3529-4CCC-9A47-556F9AD1A14D}.Debug|ARM.Build.0 = Debug|Any CPU
		{F428AC4A-3529-4CCC-9A47-556F9AD1A14D}.Debug|iPhone.ActiveCfg = Debug|Any CPU
		{F428AC4A-3529-4CCC-9A47-556F9AD1A14D}.Debug|iPhone.Build.0 = Debug|Any CPU
		{F428AC4A-3529-4CCC-9A47-556F9AD1A14D}.Debug|iPhoneSimulator.ActiveCfg = Debug|Any CPU
		{F428AC4A-3529-4CCC-9A47-556F9AD1A14D}.Debug|iPhoneSimulator.Build.0 = Debug|Any CPU
		{F428AC4A-3529-4CCC-9A47-556F9AD1A14D}.Debug|x64.ActiveCfg = Debug|Any CPU
		{F428AC4A-3529-4CCC-9A47-556F9AD1A14D}.Debug|x64.Build.0 = Debug|Any CPU
		{F428AC4A-3529-4CCC-9A47-556F9AD1A14D}.Debug|x86.ActiveCfg = Debug|Any CPU
		{F428AC4A-3529-4CCC-9A47-556F9AD1A14D}.Debug|x86.Build.0 = Debug|Any CPU
		{F428AC4A-3529-4CCC-9A47-556F9AD1A14D}.Release|Any CPU.ActiveCfg = Release|Any CPU
		{F428AC4A-3529-4CCC-9A47-556F9AD1A14D}.Release|Any CPU.Build.0 = Release|Any CPU
		{F428AC4A-3529-4CCC-9A47-556F9AD1A14D}.Release|ARM.ActiveCfg = Release|Any CPU
		{F428AC4A-3529-4CCC-9A47-556F9AD1A14D}.Release|ARM.Build.0 = Release|Any CPU
		{F428AC4A-3529-4CCC-9A47-556F9AD1A14D}.Release|iPhone.ActiveCfg = Release|Any CPU
		{F428AC4A-3529-4CCC-9A47-556F9AD1A14D}.Release|iPhone.Build.0 = Release|Any CPU
		{F428AC4A-3529-4CCC-9A47-556F9AD1A14D}.Release|iPhoneSimulator.ActiveCfg = Release|Any CPU
		{F428AC4A-3529-4CCC-9A47-556F9AD1A14D}.Release|iPhoneSimulator.Build.0 = Release|Any CPU
		{F428AC4A-3529-4CCC-9A47-556F9AD1A14D}.Release|x64.ActiveCfg = Release|Any CPU
		{F428AC4A-3529-4CCC-9A47-556F9AD1A14D}.Release|x64.Build.0 = Release|Any CPU
		{F428AC4A-3529-4CCC-9A47-556F9AD1A14D}.Release|x86.ActiveCfg = Release|Any CPU
		{F428AC4A-3529-4CCC-9A47-556F9AD1A14D}.Release|x86.Build.0 = Release|Any CPU
		{C84444C6-1EEF-4E9C-9C40-2F17B46C3ED7}.Debug|Any CPU.ActiveCfg = Debug|Any CPU
		{C84444C6-1EEF-4E9C-9C40-2F17B46C3ED7}.Debug|Any CPU.Build.0 = Debug|Any CPU
		{C84444C6-1EEF-4E9C-9C40-2F17B46C3ED7}.Debug|Any CPU.Deploy.0 = Debug|Any CPU
		{C84444C6-1EEF-4E9C-9C40-2F17B46C3ED7}.Debug|ARM.ActiveCfg = Debug|Any CPU
		{C84444C6-1EEF-4E9C-9C40-2F17B46C3ED7}.Debug|ARM.Build.0 = Debug|Any CPU
		{C84444C6-1EEF-4E9C-9C40-2F17B46C3ED7}.Debug|ARM.Deploy.0 = Debug|Any CPU
		{C84444C6-1EEF-4E9C-9C40-2F17B46C3ED7}.Debug|iPhone.ActiveCfg = Debug|Any CPU
		{C84444C6-1EEF-4E9C-9C40-2F17B46C3ED7}.Debug|iPhone.Build.0 = Debug|Any CPU
		{C84444C6-1EEF-4E9C-9C40-2F17B46C3ED7}.Debug|iPhone.Deploy.0 = Debug|Any CPU
		{C84444C6-1EEF-4E9C-9C40-2F17B46C3ED7}.Debug|iPhoneSimulator.ActiveCfg = Debug|Any CPU
		{C84444C6-1EEF-4E9C-9C40-2F17B46C3ED7}.Debug|iPhoneSimulator.Build.0 = Debug|Any CPU
		{C84444C6-1EEF-4E9C-9C40-2F17B46C3ED7}.Debug|iPhoneSimulator.Deploy.0 = Debug|Any CPU
		{C84444C6-1EEF-4E9C-9C40-2F17B46C3ED7}.Debug|x64.ActiveCfg = Debug|Any CPU
		{C84444C6-1EEF-4E9C-9C40-2F17B46C3ED7}.Debug|x64.Build.0 = Debug|Any CPU
		{C84444C6-1EEF-4E9C-9C40-2F17B46C3ED7}.Debug|x64.Deploy.0 = Debug|Any CPU
		{C84444C6-1EEF-4E9C-9C40-2F17B46C3ED7}.Debug|x86.ActiveCfg = Debug|Any CPU
		{C84444C6-1EEF-4E9C-9C40-2F17B46C3ED7}.Debug|x86.Build.0 = Debug|Any CPU
		{C84444C6-1EEF-4E9C-9C40-2F17B46C3ED7}.Debug|x86.Deploy.0 = Debug|Any CPU
		{C84444C6-1EEF-4E9C-9C40-2F17B46C3ED7}.Release|Any CPU.ActiveCfg = Release|Any CPU
		{C84444C6-1EEF-4E9C-9C40-2F17B46C3ED7}.Release|Any CPU.Build.0 = Release|Any CPU
		{C84444C6-1EEF-4E9C-9C40-2F17B46C3ED7}.Release|Any CPU.Deploy.0 = Release|Any CPU
		{C84444C6-1EEF-4E9C-9C40-2F17B46C3ED7}.Release|ARM.ActiveCfg = Release|Any CPU
		{C84444C6-1EEF-4E9C-9C40-2F17B46C3ED7}.Release|ARM.Build.0 = Release|Any CPU
		{C84444C6-1EEF-4E9C-9C40-2F17B46C3ED7}.Release|ARM.Deploy.0 = Release|Any CPU
		{C84444C6-1EEF-4E9C-9C40-2F17B46C3ED7}.Release|iPhone.ActiveCfg = Release|Any CPU
		{C84444C6-1EEF-4E9C-9C40-2F17B46C3ED7}.Release|iPhone.Build.0 = Release|Any CPU
		{C84444C6-1EEF-4E9C-9C40-2F17B46C3ED7}.Release|iPhone.Deploy.0 = Release|Any CPU
		{C84444C6-1EEF-4E9C-9C40-2F17B46C3ED7}.Release|iPhoneSimulator.ActiveCfg = Release|Any CPU
		{C84444C6-1EEF-4E9C-9C40-2F17B46C3ED7}.Release|iPhoneSimulator.Build.0 = Release|Any CPU
		{C84444C6-1EEF-4E9C-9C40-2F17B46C3ED7}.Release|iPhoneSimulator.Deploy.0 = Release|Any CPU
		{C84444C6-1EEF-4E9C-9C40-2F17B46C3ED7}.Release|x64.ActiveCfg = Release|Any CPU
		{C84444C6-1EEF-4E9C-9C40-2F17B46C3ED7}.Release|x64.Build.0 = Release|Any CPU
		{C84444C6-1EEF-4E9C-9C40-2F17B46C3ED7}.Release|x64.Deploy.0 = Release|Any CPU
		{C84444C6-1EEF-4E9C-9C40-2F17B46C3ED7}.Release|x86.ActiveCfg = Release|Any CPU
		{C84444C6-1EEF-4E9C-9C40-2F17B46C3ED7}.Release|x86.Build.0 = Release|Any CPU
		{C84444C6-1EEF-4E9C-9C40-2F17B46C3ED7}.Release|x86.Deploy.0 = Release|Any CPU
		{7FF9B1F5-1663-4C76-A1AE-D7517C4F4C5D}.Debug|Any CPU.ActiveCfg = Debug|iPhone
		{7FF9B1F5-1663-4C76-A1AE-D7517C4F4C5D}.Debug|ARM.ActiveCfg = Debug|iPhone
		{7FF9B1F5-1663-4C76-A1AE-D7517C4F4C5D}.Debug|iPhone.ActiveCfg = Debug|iPhone
		{7FF9B1F5-1663-4C76-A1AE-D7517C4F4C5D}.Debug|iPhone.Build.0 = Debug|iPhone
		{7FF9B1F5-1663-4C76-A1AE-D7517C4F4C5D}.Debug|iPhoneSimulator.ActiveCfg = Debug|iPhoneSimulator
		{7FF9B1F5-1663-4C76-A1AE-D7517C4F4C5D}.Debug|iPhoneSimulator.Build.0 = Debug|iPhoneSimulator
		{7FF9B1F5-1663-4C76-A1AE-D7517C4F4C5D}.Debug|x64.ActiveCfg = Debug|iPhone
		{7FF9B1F5-1663-4C76-A1AE-D7517C4F4C5D}.Debug|x86.ActiveCfg = Debug|iPhone
		{7FF9B1F5-1663-4C76-A1AE-D7517C4F4C5D}.Release|Any CPU.ActiveCfg = Release|iPhone
		{7FF9B1F5-1663-4C76-A1AE-D7517C4F4C5D}.Release|ARM.ActiveCfg = Release|iPhone
		{7FF9B1F5-1663-4C76-A1AE-D7517C4F4C5D}.Release|iPhone.ActiveCfg = Release|iPhone
		{7FF9B1F5-1663-4C76-A1AE-D7517C4F4C5D}.Release|iPhone.Build.0 = Release|iPhone
		{7FF9B1F5-1663-4C76-A1AE-D7517C4F4C5D}.Release|iPhoneSimulator.ActiveCfg = Release|iPhoneSimulator
		{7FF9B1F5-1663-4C76-A1AE-D7517C4F4C5D}.Release|iPhoneSimulator.Build.0 = Release|iPhoneSimulator
		{7FF9B1F5-1663-4C76-A1AE-D7517C4F4C5D}.Release|x64.ActiveCfg = Release|iPhone
		{7FF9B1F5-1663-4C76-A1AE-D7517C4F4C5D}.Release|x86.ActiveCfg = Release|iPhone
		{FC8AF459-1E58-4508-9DDB-505E9A17E386}.Debug|Any CPU.ActiveCfg = Debug|x86
		{FC8AF459-1E58-4508-9DDB-505E9A17E386}.Debug|ARM.ActiveCfg = Debug|ARM
		{FC8AF459-1E58-4508-9DDB-505E9A17E386}.Debug|ARM.Build.0 = Debug|ARM
		{FC8AF459-1E58-4508-9DDB-505E9A17E386}.Debug|ARM.Deploy.0 = Debug|ARM
		{FC8AF459-1E58-4508-9DDB-505E9A17E386}.Debug|iPhone.ActiveCfg = Debug|x86
		{FC8AF459-1E58-4508-9DDB-505E9A17E386}.Debug|iPhoneSimulator.ActiveCfg = Debug|x86
		{FC8AF459-1E58-4508-9DDB-505E9A17E386}.Debug|x64.ActiveCfg = Debug|x64
		{FC8AF459-1E58-4508-9DDB-505E9A17E386}.Debug|x64.Build.0 = Debug|x64
		{FC8AF459-1E58-4508-9DDB-505E9A17E386}.Debug|x64.Deploy.0 = Debug|x64
		{FC8AF459-1E58-4508-9DDB-505E9A17E386}.Debug|x86.ActiveCfg = Debug|x86
		{FC8AF459-1E58-4508-9DDB-505E9A17E386}.Debug|x86.Build.0 = Debug|x86
		{FC8AF459-1E58-4508-9DDB-505E9A17E386}.Debug|x86.Deploy.0 = Debug|x86
		{FC8AF459-1E58-4508-9DDB-505E9A17E386}.Release|Any CPU.ActiveCfg = Release|x86
		{FC8AF459-1E58-4508-9DDB-505E9A17E386}.Release|ARM.ActiveCfg = Release|ARM
		{FC8AF459-1E58-4508-9DDB-505E9A17E386}.Release|ARM.Build.0 = Release|ARM
		{FC8AF459-1E58-4508-9DDB-505E9A17E386}.Release|ARM.Deploy.0 = Release|ARM
		{FC8AF459-1E58-4508-9DDB-505E9A17E386}.Release|iPhone.ActiveCfg = Release|x86
		{FC8AF459-1E58-4508-9DDB-505E9A17E386}.Release|iPhoneSimulator.ActiveCfg = Release|x86
		{FC8AF459-1E58-4508-9DDB-505E9A17E386}.Release|x64.ActiveCfg = Release|x64
		{FC8AF459-1E58-4508-9DDB-505E9A17E386}.Release|x64.Build.0 = Release|x64
		{FC8AF459-1E58-4508-9DDB-505E9A17E386}.Release|x64.Deploy.0 = Release|x64
		{FC8AF459-1E58-4508-9DDB-505E9A17E386}.Release|x86.ActiveCfg = Release|x86
		{FC8AF459-1E58-4508-9DDB-505E9A17E386}.Release|x86.Build.0 = Release|x86
		{FC8AF459-1E58-4508-9DDB-505E9A17E386}.Release|x86.Deploy.0 = Release|x86
		{79194299-8DE2-473E-B786-2B7C14E451B2}.Debug|Any CPU.ActiveCfg = Debug|Any CPU
		{79194299-8DE2-473E-B786-2B7C14E451B2}.Debug|Any CPU.Build.0 = Debug|Any CPU
		{79194299-8DE2-473E-B786-2B7C14E451B2}.Debug|ARM.ActiveCfg = Debug|Any CPU
		{79194299-8DE2-473E-B786-2B7C14E451B2}.Debug|ARM.Build.0 = Debug|Any CPU
		{79194299-8DE2-473E-B786-2B7C14E451B2}.Debug|iPhone.ActiveCfg = Debug|Any CPU
		{79194299-8DE2-473E-B786-2B7C14E451B2}.Debug|iPhone.Build.0 = Debug|Any CPU
		{79194299-8DE2-473E-B786-2B7C14E451B2}.Debug|iPhoneSimulator.ActiveCfg = Debug|Any CPU
		{79194299-8DE2-473E-B786-2B7C14E451B2}.Debug|iPhoneSimulator.Build.0 = Debug|Any CPU
		{79194299-8DE2-473E-B786-2B7C14E451B2}.Debug|x64.ActiveCfg = Debug|Any CPU
		{79194299-8DE2-473E-B786-2B7C14E451B2}.Debug|x64.Build.0 = Debug|Any CPU
		{79194299-8DE2-473E-B786-2B7C14E451B2}.Debug|x86.ActiveCfg = Debug|Any CPU
		{79194299-8DE2-473E-B786-2B7C14E451B2}.Debug|x86.Build.0 = Debug|Any CPU
		{79194299-8DE2-473E-B786-2B7C14E451B2}.Release|Any CPU.ActiveCfg = Release|Any CPU
		{79194299-8DE2-473E-B786-2B7C14E451B2}.Release|Any CPU.Build.0 = Release|Any CPU
		{79194299-8DE2-473E-B786-2B7C14E451B2}.Release|ARM.ActiveCfg = Release|Any CPU
		{79194299-8DE2-473E-B786-2B7C14E451B2}.Release|ARM.Build.0 = Release|Any CPU
		{79194299-8DE2-473E-B786-2B7C14E451B2}.Release|iPhone.ActiveCfg = Release|Any CPU
		{79194299-8DE2-473E-B786-2B7C14E451B2}.Release|iPhone.Build.0 = Release|Any CPU
		{79194299-8DE2-473E-B786-2B7C14E451B2}.Release|iPhoneSimulator.ActiveCfg = Release|Any CPU
		{79194299-8DE2-473E-B786-2B7C14E451B2}.Release|iPhoneSimulator.Build.0 = Release|Any CPU
		{79194299-8DE2-473E-B786-2B7C14E451B2}.Release|x64.ActiveCfg = Release|Any CPU
		{79194299-8DE2-473E-B786-2B7C14E451B2}.Release|x64.Build.0 = Release|Any CPU
		{79194299-8DE2-473E-B786-2B7C14E451B2}.Release|x86.ActiveCfg = Release|Any CPU
		{79194299-8DE2-473E-B786-2B7C14E451B2}.Release|x86.Build.0 = Release|Any CPU
		{5B6CB662-E54B-4BB9-8458-2981E6A6A031}.Debug|Any CPU.ActiveCfg = Debug|Any CPU
		{5B6CB662-E54B-4BB9-8458-2981E6A6A031}.Debug|Any CPU.Build.0 = Debug|Any CPU
		{5B6CB662-E54B-4BB9-8458-2981E6A6A031}.Debug|ARM.ActiveCfg = Debug|Any CPU
		{5B6CB662-E54B-4BB9-8458-2981E6A6A031}.Debug|ARM.Build.0 = Debug|Any CPU
		{5B6CB662-E54B-4BB9-8458-2981E6A6A031}.Debug|iPhone.ActiveCfg = Debug|Any CPU
		{5B6CB662-E54B-4BB9-8458-2981E6A6A031}.Debug|iPhone.Build.0 = Debug|Any CPU
		{5B6CB662-E54B-4BB9-8458-2981E6A6A031}.Debug|iPhoneSimulator.ActiveCfg = Debug|Any CPU
		{5B6CB662-E54B-4BB9-8458-2981E6A6A031}.Debug|iPhoneSimulator.Build.0 = Debug|Any CPU
		{5B6CB662-E54B-4BB9-8458-2981E6A6A031}.Debug|x64.ActiveCfg = Debug|Any CPU
		{5B6CB662-E54B-4BB9-8458-2981E6A6A031}.Debug|x64.Build.0 = Debug|Any CPU
		{5B6CB662-E54B-4BB9-8458-2981E6A6A031}.Debug|x86.ActiveCfg = Debug|Any CPU
		{5B6CB662-E54B-4BB9-8458-2981E6A6A031}.Debug|x86.Build.0 = Debug|Any CPU
		{5B6CB662-E54B-4BB9-8458-2981E6A6A031}.Release|Any CPU.ActiveCfg = Release|Any CPU
		{5B6CB662-E54B-4BB9-8458-2981E6A6A031}.Release|Any CPU.Build.0 = Release|Any CPU
		{5B6CB662-E54B-4BB9-8458-2981E6A6A031}.Release|ARM.ActiveCfg = Release|Any CPU
		{5B6CB662-E54B-4BB9-8458-2981E6A6A031}.Release|ARM.Build.0 = Release|Any CPU
		{5B6CB662-E54B-4BB9-8458-2981E6A6A031}.Release|iPhone.ActiveCfg = Release|Any CPU
		{5B6CB662-E54B-4BB9-8458-2981E6A6A031}.Release|iPhone.Build.0 = Release|Any CPU
		{5B6CB662-E54B-4BB9-8458-2981E6A6A031}.Release|iPhoneSimulator.ActiveCfg = Release|Any CPU
		{5B6CB662-E54B-4BB9-8458-2981E6A6A031}.Release|iPhoneSimulator.Build.0 = Release|Any CPU
		{5B6CB662-E54B-4BB9-8458-2981E6A6A031}.Release|x64.ActiveCfg = Release|Any CPU
		{5B6CB662-E54B-4BB9-8458-2981E6A6A031}.Release|x64.Build.0 = Release|Any CPU
		{5B6CB662-E54B-4BB9-8458-2981E6A6A031}.Release|x86.ActiveCfg = Release|Any CPU
		{5B6CB662-E54B-4BB9-8458-2981E6A6A031}.Release|x86.Build.0 = Release|Any CPU
		{29CA4322-739A-44D3-AEC1-012E4C65E64E}.Debug|Any CPU.ActiveCfg = Debug|Any CPU
		{29CA4322-739A-44D3-AEC1-012E4C65E64E}.Debug|Any CPU.Build.0 = Debug|Any CPU
		{29CA4322-739A-44D3-AEC1-012E4C65E64E}.Debug|ARM.ActiveCfg = Debug|Any CPU
		{29CA4322-739A-44D3-AEC1-012E4C65E64E}.Debug|ARM.Build.0 = Debug|Any CPU
		{29CA4322-739A-44D3-AEC1-012E4C65E64E}.Debug|iPhone.ActiveCfg = Debug|Any CPU
		{29CA4322-739A-44D3-AEC1-012E4C65E64E}.Debug|iPhone.Build.0 = Debug|Any CPU
		{29CA4322-739A-44D3-AEC1-012E4C65E64E}.Debug|iPhoneSimulator.ActiveCfg = Debug|Any CPU
		{29CA4322-739A-44D3-AEC1-012E4C65E64E}.Debug|iPhoneSimulator.Build.0 = Debug|Any CPU
		{29CA4322-739A-44D3-AEC1-012E4C65E64E}.Debug|x64.ActiveCfg = Debug|Any CPU
		{29CA4322-739A-44D3-AEC1-012E4C65E64E}.Debug|x64.Build.0 = Debug|Any CPU
		{29CA4322-739A-44D3-AEC1-012E4C65E64E}.Debug|x86.ActiveCfg = Debug|Any CPU
		{29CA4322-739A-44D3-AEC1-012E4C65E64E}.Debug|x86.Build.0 = Debug|Any CPU
		{29CA4322-739A-44D3-AEC1-012E4C65E64E}.Release|Any CPU.ActiveCfg = Release|Any CPU
		{29CA4322-739A-44D3-AEC1-012E4C65E64E}.Release|Any CPU.Build.0 = Release|Any CPU
		{29CA4322-739A-44D3-AEC1-012E4C65E64E}.Release|ARM.ActiveCfg = Release|Any CPU
		{29CA4322-739A-44D3-AEC1-012E4C65E64E}.Release|ARM.Build.0 = Release|Any CPU
		{29CA4322-739A-44D3-AEC1-012E4C65E64E}.Release|iPhone.ActiveCfg = Release|Any CPU
		{29CA4322-739A-44D3-AEC1-012E4C65E64E}.Release|iPhone.Build.0 = Release|Any CPU
		{29CA4322-739A-44D3-AEC1-012E4C65E64E}.Release|iPhoneSimulator.ActiveCfg = Release|Any CPU
		{29CA4322-739A-44D3-AEC1-012E4C65E64E}.Release|iPhoneSimulator.Build.0 = Release|Any CPU
		{29CA4322-739A-44D3-AEC1-012E4C65E64E}.Release|x64.ActiveCfg = Release|Any CPU
		{29CA4322-739A-44D3-AEC1-012E4C65E64E}.Release|x64.Build.0 = Release|Any CPU
		{29CA4322-739A-44D3-AEC1-012E4C65E64E}.Release|x86.ActiveCfg = Release|Any CPU
		{29CA4322-739A-44D3-AEC1-012E4C65E64E}.Release|x86.Build.0 = Release|Any CPU
		{B60466D1-0A0C-4431-8AE5-E823DC64070E}.Debug|Any CPU.ActiveCfg = Debug|Any CPU
		{B60466D1-0A0C-4431-8AE5-E823DC64070E}.Debug|Any CPU.Build.0 = Debug|Any CPU
		{B60466D1-0A0C-4431-8AE5-E823DC64070E}.Debug|ARM.ActiveCfg = Debug|Any CPU
		{B60466D1-0A0C-4431-8AE5-E823DC64070E}.Debug|ARM.Build.0 = Debug|Any CPU
		{B60466D1-0A0C-4431-8AE5-E823DC64070E}.Debug|iPhone.ActiveCfg = Debug|Any CPU
		{B60466D1-0A0C-4431-8AE5-E823DC64070E}.Debug|iPhone.Build.0 = Debug|Any CPU
		{B60466D1-0A0C-4431-8AE5-E823DC64070E}.Debug|iPhoneSimulator.ActiveCfg = Debug|Any CPU
		{B60466D1-0A0C-4431-8AE5-E823DC64070E}.Debug|iPhoneSimulator.Build.0 = Debug|Any CPU
		{B60466D1-0A0C-4431-8AE5-E823DC64070E}.Debug|x64.ActiveCfg = Debug|Any CPU
		{B60466D1-0A0C-4431-8AE5-E823DC64070E}.Debug|x64.Build.0 = Debug|Any CPU
		{B60466D1-0A0C-4431-8AE5-E823DC64070E}.Debug|x86.ActiveCfg = Debug|Any CPU
		{B60466D1-0A0C-4431-8AE5-E823DC64070E}.Debug|x86.Build.0 = Debug|Any CPU
		{B60466D1-0A0C-4431-8AE5-E823DC64070E}.Release|Any CPU.ActiveCfg = Release|Any CPU
		{B60466D1-0A0C-4431-8AE5-E823DC64070E}.Release|Any CPU.Build.0 = Release|Any CPU
		{B60466D1-0A0C-4431-8AE5-E823DC64070E}.Release|ARM.ActiveCfg = Release|Any CPU
		{B60466D1-0A0C-4431-8AE5-E823DC64070E}.Release|ARM.Build.0 = Release|Any CPU
		{B60466D1-0A0C-4431-8AE5-E823DC64070E}.Release|iPhone.ActiveCfg = Release|Any CPU
		{B60466D1-0A0C-4431-8AE5-E823DC64070E}.Release|iPhone.Build.0 = Release|Any CPU
		{B60466D1-0A0C-4431-8AE5-E823DC64070E}.Release|iPhoneSimulator.ActiveCfg = Release|Any CPU
		{B60466D1-0A0C-4431-8AE5-E823DC64070E}.Release|iPhoneSimulator.Build.0 = Release|Any CPU
		{B60466D1-0A0C-4431-8AE5-E823DC64070E}.Release|x64.ActiveCfg = Release|Any CPU
		{B60466D1-0A0C-4431-8AE5-E823DC64070E}.Release|x64.Build.0 = Release|Any CPU
		{B60466D1-0A0C-4431-8AE5-E823DC64070E}.Release|x86.ActiveCfg = Release|Any CPU
		{B60466D1-0A0C-4431-8AE5-E823DC64070E}.Release|x86.Build.0 = Release|Any CPU
		{27EA3772-AA4F-425D-BB2F-1F0182B0358D}.Debug|Any CPU.ActiveCfg = Debug|Any CPU
		{27EA3772-AA4F-425D-BB2F-1F0182B0358D}.Debug|Any CPU.Build.0 = Debug|Any CPU
		{27EA3772-AA4F-425D-BB2F-1F0182B0358D}.Debug|ARM.ActiveCfg = Debug|Any CPU
		{27EA3772-AA4F-425D-BB2F-1F0182B0358D}.Debug|ARM.Build.0 = Debug|Any CPU
		{27EA3772-AA4F-425D-BB2F-1F0182B0358D}.Debug|iPhone.ActiveCfg = Debug|Any CPU
		{27EA3772-AA4F-425D-BB2F-1F0182B0358D}.Debug|iPhone.Build.0 = Debug|Any CPU
		{27EA3772-AA4F-425D-BB2F-1F0182B0358D}.Debug|iPhoneSimulator.ActiveCfg = Debug|Any CPU
		{27EA3772-AA4F-425D-BB2F-1F0182B0358D}.Debug|iPhoneSimulator.Build.0 = Debug|Any CPU
		{27EA3772-AA4F-425D-BB2F-1F0182B0358D}.Debug|x64.ActiveCfg = Debug|Any CPU
		{27EA3772-AA4F-425D-BB2F-1F0182B0358D}.Debug|x64.Build.0 = Debug|Any CPU
		{27EA3772-AA4F-425D-BB2F-1F0182B0358D}.Debug|x86.ActiveCfg = Debug|Any CPU
		{27EA3772-AA4F-425D-BB2F-1F0182B0358D}.Debug|x86.Build.0 = Debug|Any CPU
		{27EA3772-AA4F-425D-BB2F-1F0182B0358D}.Release|Any CPU.ActiveCfg = Release|Any CPU
		{27EA3772-AA4F-425D-BB2F-1F0182B0358D}.Release|Any CPU.Build.0 = Release|Any CPU
		{27EA3772-AA4F-425D-BB2F-1F0182B0358D}.Release|ARM.ActiveCfg = Release|Any CPU
		{27EA3772-AA4F-425D-BB2F-1F0182B0358D}.Release|ARM.Build.0 = Release|Any CPU
		{27EA3772-AA4F-425D-BB2F-1F0182B0358D}.Release|iPhone.ActiveCfg = Release|Any CPU
		{27EA3772-AA4F-425D-BB2F-1F0182B0358D}.Release|iPhone.Build.0 = Release|Any CPU
		{27EA3772-AA4F-425D-BB2F-1F0182B0358D}.Release|iPhoneSimulator.ActiveCfg = Release|Any CPU
		{27EA3772-AA4F-425D-BB2F-1F0182B0358D}.Release|iPhoneSimulator.Build.0 = Release|Any CPU
		{27EA3772-AA4F-425D-BB2F-1F0182B0358D}.Release|x64.ActiveCfg = Release|Any CPU
		{27EA3772-AA4F-425D-BB2F-1F0182B0358D}.Release|x64.Build.0 = Release|Any CPU
		{27EA3772-AA4F-425D-BB2F-1F0182B0358D}.Release|x86.ActiveCfg = Release|Any CPU
		{27EA3772-AA4F-425D-BB2F-1F0182B0358D}.Release|x86.Build.0 = Release|Any CPU
	EndGlobalSection
	GlobalSection(SolutionProperties) = preSolution
		HideSolutionNode = FALSE
	EndGlobalSection
	GlobalSection(NestedProjects) = preSolution
		{F428AC4A-3529-4CCC-9A47-556F9AD1A14D} = {DD2F1E42-02A9-49EF-B4D6-014DD5E76263}
		{C84444C6-1EEF-4E9C-9C40-2F17B46C3ED7} = {869C5187-719B-46B4-9988-732C6AEE2E64}
		{7FF9B1F5-1663-4C76-A1AE-D7517C4F4C5D} = {869C5187-719B-46B4-9988-732C6AEE2E64}
		{FC8AF459-1E58-4508-9DDB-505E9A17E386} = {869C5187-719B-46B4-9988-732C6AEE2E64}
		{79194299-8DE2-473E-B786-2B7C14E451B2} = {26D05A32-DC4E-4696-95DF-474CC937AFFA}
		{5B6CB662-E54B-4BB9-8458-2981E6A6A031} = {26D05A32-DC4E-4696-95DF-474CC937AFFA}
		{29CA4322-739A-44D3-AEC1-012E4C65E64E} = {26D05A32-DC4E-4696-95DF-474CC937AFFA}
		{B60466D1-0A0C-4431-8AE5-E823DC64070E} = {26D05A32-DC4E-4696-95DF-474CC937AFFA}
		{27EA3772-AA4F-425D-BB2F-1F0182B0358D} = {DD2F1E42-02A9-49EF-B4D6-014DD5E76263}
	EndGlobalSection
	GlobalSection(ExtensibilityGlobals) = postSolution
		SolutionGuid = {8116FFEA-E380-405B-B51E-F6B1CAD78E2E}
	EndGlobalSection
EndGlobal
