
Microsoft Visual Studio Solution File, Format Version 12.00
# Visual Studio 15
VisualStudioVersion = 15.0.26403.7
MinimumVisualStudioVersion = 10.0.40219.1
Project("{00D1A9C2-B5F0-4AF3-8072-F6C62B433612}") = "Marketplace.Db.Schema", "Marketplace.Db.Schema\Marketplace.Db.Schema.sqlproj", "{7A30F299-4891-439A-BF27-A56E00F90CE3}"
EndProject
Project("{00D1A9C2-B5F0-4AF3-8072-F6C62B433612}") = "Marketplace.Db.Identity", "Marketplace.Db.Identity\Marketplace.Db.Identity.sqlproj", "{BC6FCDAA-934D-4344-8926-3965FB1B6761}"
EndProject
Global
	GlobalSection(SolutionConfigurationPlatforms) = preSolution
		Debug|Any CPU = Debug|Any CPU
		Release|Any CPU = Release|Any CPU
	EndGlobalSection
	GlobalSection(ProjectConfigurationPlatforms) = postSolution
		{7A30F299-4891-439A-BF27-A56E00F90CE3}.Debug|Any CPU.ActiveCfg = Debug|Any CPU
		{7A30F299-4891-439A-BF27-A56E00F90CE3}.Debug|Any CPU.Build.0 = Debug|Any CPU
		{7A30F299-4891-439A-BF27-A56E00F90CE3}.Debug|Any CPU.Deploy.0 = Debug|Any CPU
		{7A30F299-4891-439A-BF27-A56E00F90CE3}.Release|Any CPU.ActiveCfg = Release|Any CPU
		{7A30F299-4891-439A-BF27-A56E00F90CE3}.Release|Any CPU.Build.0 = Release|Any CPU
		{7A30F299-4891-439A-BF27-A56E00F90CE3}.Release|Any CPU.Deploy.0 = Release|Any CPU
		{BC6FCDAA-934D-4344-8926-3965FB1B6761}.Debug|Any CPU.ActiveCfg = Debug|Any CPU
		{BC6FCDAA-934D-4344-8926-3965FB1B6761}.Debug|Any CPU.Build.0 = Debug|Any CPU
		{BC6FCDAA-934D-4344-8926-3965FB1B6761}.Debug|Any CPU.Deploy.0 = Debug|Any CPU
		{BC6FCDAA-934D-4344-8926-3965FB1B6761}.Release|Any CPU.ActiveCfg = Release|Any CPU
		{BC6FCDAA-934D-4344-8926-3965FB1B6761}.Release|Any CPU.Build.0 = Release|Any CPU
		{BC6FCDAA-934D-4344-8926-3965FB1B6761}.Release|Any CPU.Deploy.0 = Release|Any CPU
	EndGlobalSection
	GlobalSection(SolutionProperties) = preSolution
		HideSolutionNode = FALSE
	EndGlobalSection
EndGlobal
